{
  "name": "ad-server",
  "lockfileVersion": 2,
  "requires": true,
  "packages": {
    "": {
      "dependencies": {
        "xml-writer": "^1.7.0"
      }
    },
    "node_modules/xml-writer": {
      "version": "1.7.0",
      "resolved": "https://registry.npmjs.org/xml-writer/-/xml-writer-1.7.0.tgz",
      "integrity": "sha512-elFVMRiV5jb59fbc87zzVa0C01QLBEWP909mRuWqFqrYC5wNTH5QW4AaKMNv7d6zAsuOulkD7wnztZNLQW0Nfg==",
      "engines": {
        "node": ">=0.4.0"
      }
    }
  },
  "dependencies": {
    "xml-writer": {
      "version": "1.7.0",
      "resolved": "https://registry.npmjs.org/xml-writer/-/xml-writer-1.7.0.tgz",
      "integrity": "sha512-elFVMRiV5jb59fbc87zzVa0C01QLBEWP909mRuWqFqrYC5wNTH5QW4AaKMNv7d6zAsuOulkD7wnztZNLQW0Nfg=="
    }
  }
}
